
Microsoft Visual Studio Solution File, Format Version 12.00
# Visual Studio Version 17
VisualStudioVersion = 17.2.32526.322
MinimumVisualStudioVersion = 10.0.40219.1
Project("{FAE04EC0-301F-11D3-BF4B-00C04F79EFBC}") = "University_Project.Mvc", "University_Project.Mvc\University_Project.Mvc.csproj", "{595358EC-3660-4921-85F8-2052C366087A}"
EndProject
Global
	GlobalSection(SolutionConfigurationPlatforms) = preSolution
		Debug|Any CPU = Debug|Any CPU
		Release|Any CPU = Release|Any CPU
	EndGlobalSection
	GlobalSection(ProjectConfigurationPlatforms) = postSolution
		{595358EC-3660-4921-85F8-2052C366087A}.Debug|Any CPU.ActiveCfg = Debug|Any CPU
		{595358EC-3660-4921-85F8-2052C366087A}.Debug|Any CPU.Build.0 = Debug|Any CPU
		{595358EC-3660-4921-85F8-2052C366087A}.Release|Any CPU.ActiveCfg = Release|Any CPU
		{595358EC-3660-4921-85F8-2052C366087A}.Release|Any CPU.Build.0 = Release|Any CPU
	EndGlobalSection
	GlobalSection(SolutionProperties) = preSolution
		HideSolutionNode = FALSE
	EndGlobalSection
	GlobalSection(ExtensibilityGlobals) = postSolution
		SolutionGuid = {E88AA8C1-52C9-4676-A38B-5E974A788C01}
	EndGlobalSection
EndGlobal
